
Microsoft Visual Studio Solution File, Format Version 12.00
# Visual Studio Version 16
VisualStudioVersion = 25.0.1703.5
MinimumVisualStudioVersion = 10.0.40219.1
Project("{FAE04EC0-301F-11D3-BF4B-00C04F79EFBC}") = "ValidateSubsequence", "ValidateSubsequence.csproj", "{42B78870-B12F-43F7-929C-71CCC6ED9161}"
EndProject
Global
	GlobalSection(SolutionConfigurationPlatforms) = preSolution
		Debug|Any CPU = Debug|Any CPU
		Release|Any CPU = Release|Any CPU
	EndGlobalSection
	GlobalSection(ProjectConfigurationPlatforms) = postSolution
		{42B78870-B12F-43F7-929C-71CCC6ED9161}.Debug|Any CPU.ActiveCfg = Debug|Any CPU
		{42B78870-B12F-43F7-929C-71CCC6ED9161}.Debug|Any CPU.Build.0 = Debug|Any CPU
		{42B78870-B12F-43F7-929C-71CCC6ED9161}.Release|Any CPU.ActiveCfg = Release|Any CPU
		{42B78870-B12F-43F7-929C-71CCC6ED9161}.Release|Any CPU.Build.0 = Release|Any CPU
	EndGlobalSection
	GlobalSection(SolutionProperties) = preSolution
		HideSolutionNode = FALSE
	EndGlobalSection
	GlobalSection(ExtensibilityGlobals) = postSolution
		SolutionGuid = {D88962EA-CA88-44C0-9C24-959B2E2211AE}
	EndGlobalSection
EndGlobal
